// !$*UTF8*$!
{
	archiveVersion = 1;
	classes = {
	};
	objectVersion = 56;
	objects = {

/* Begin PBXBuildFile section */
		00189CE22BC658E800A687E0 /* MNIST.mlpackage in Sources */ = {isa = PBXBuildFile; fileRef = 00189CE12BC658E800A687E0 /* MNIST.mlpackage */; };
		00189CE42BC7049600A687E0 /* ImageHelper.swift in Sources */ = {isa = PBXBuildFile; fileRef = 00189CE32BC7049600A687E0 /* ImageHelper.swift */; };
		00A976722BC1E08300FE31A4 /* AppDelegate.swift in Sources */ = {isa = PBXBuildFile; fileRef = 00A976712BC1E08300FE31A4 /* AppDelegate.swift */; };
		00A976742BC1E08300FE31A4 /* SceneDelegate.swift in Sources */ = {isa = PBXBuildFile; fileRef = 00A976732BC1E08300FE31A4 /* SceneDelegate.swift */; };
		00A976762BC1E08300FE31A4 /* HomeVC.swift in Sources */ = {isa = PBXBuildFile; fileRef = 00A976752BC1E08300FE31A4 /* HomeVC.swift */; };
		00A9767B2BC1E08400FE31A4 /* Assets.xcassets in Resources */ = {isa = PBXBuildFile; fileRef = 00A9767A2BC1E08400FE31A4 /* Assets.xcassets */; };
		00A9767E2BC1E08400FE31A4 /* Base in Resources */ = {isa = PBXBuildFile; fileRef = 00A9767D2BC1E08400FE31A4 /* Base */; };
/* End PBXBuildFile section */

/* Begin PBXFileReference section */
		00189CE12BC658E800A687E0 /* MNIST.mlpackage */ = {isa = PBXFileReference; lastKnownFileType = folder.mlpackage; path = MNIST.mlpackage; sourceTree = "<group>"; };
		00189CE32BC7049600A687E0 /* ImageHelper.swift */ = {isa = PBXFileReference; lastKnownFileType = sourcecode.swift; path = ImageHelper.swift; sourceTree = "<group>"; };
		00A9766E2BC1E08300FE31A4 /* DrawMNIST.app */ = {isa = PBXFileReference; explicitFileType = wrapper.application; includeInIndex = 0; path = DrawMNIST.app; sourceTree = BUILT_PRODUCTS_DIR; };
		00A976712BC1E08300FE31A4 /* AppDelegate.swift */ = {isa = PBXFileReference; lastKnownFileType = sourcecode.swift; path = AppDelegate.swift; sourceTree = "<group>"; };
		00A976732BC1E08300FE31A4 /* SceneDelegate.swift */ = {isa = PBXFileReference; lastKnownFileType = sourcecode.swift; path = SceneDelegate.swift; sourceTree = "<group>"; };
		00A976752BC1E08300FE31A4 /* HomeVC.swift */ = {isa = PBXFileReference; lastKnownFileType = sourcecode.swift; path = HomeVC.swift; sourceTree = "<group>"; };
		00A9767A2BC1E08400FE31A4 /* Assets.xcassets */ = {isa = PBXFileReference; lastKnownFileType = folder.assetcatalog; path = Assets.xcassets; sourceTree = "<group>"; };
		00A9767D2BC1E08400FE31A4 /* Base */ = {isa = PBXFileReference; lastKnownFileType = file.storyboard; name = Base; path = Base.lproj/LaunchScreen.storyboard; sourceTree = "<group>"; };
		00A9767F2BC1E08400FE31A4 /* Info.plist */ = {isa = PBXFileReference; lastKnownFileType = text.plist.xml; path = Info.plist; sourceTree = "<group>"; };
/* End PBXFileReference section */

/* Begin PBXFrameworksBuildPhase section */
		00A9766B2BC1E08300FE31A4 /* Frameworks */ = {
			isa = PBXFrameworksBuildPhase;
			buildActionMask = 2147483647;
			files = (
			);
			runOnlyForDeploymentPostprocessing = 0;
		};
/* End PBXFrameworksBuildPhase section */

/* Begin PBXGroup section */
		00189CE52BC7241C00A687E0 /* Models */ = {
			isa = PBXGroup;
			children = (
				00189CE32BC7049600A687E0 /* ImageHelper.swift */,
			);
			path = Models;
			sourceTree = "<group>";
		};
		00189CE62BC7242500A687E0 /* Views */ = {
			isa = PBXGroup;
			children = (
				00A976752BC1E08300FE31A4 /* HomeVC.swift */,
			);
			path = Views;
			sourceTree = "<group>";
		};
		00A976652BC1E08300FE31A4 = {
			isa = PBXGroup;
			children = (
				00A976702BC1E08300FE31A4 /* DrawMNIST */,
				00A9766F2BC1E08300FE31A4 /* Products */,
			);
			sourceTree = "<group>";
		};
		00A9766F2BC1E08300FE31A4 /* Products */ = {
			isa = PBXGroup;
			children = (
				00A9766E2BC1E08300FE31A4 /* DrawMNIST.app */,
			);
			name = Products;
			sourceTree = "<group>";
		};
		00A976702BC1E08300FE31A4 /* DrawMNIST */ = {
			isa = PBXGroup;
			children = (
				00A976712BC1E08300FE31A4 /* AppDelegate.swift */,
				00A976732BC1E08300FE31A4 /* SceneDelegate.swift */,
				00189CE62BC7242500A687E0 /* Views */,
				00189CE52BC7241C00A687E0 /* Models */,
				00A9767A2BC1E08400FE31A4 /* Assets.xcassets */,
				00A9767C2BC1E08400FE31A4 /* LaunchScreen.storyboard */,
				00A9767F2BC1E08400FE31A4 /* Info.plist */,
				00189CE12BC658E800A687E0 /* MNIST.mlpackage */,
			);
			path = DrawMNIST;
			sourceTree = "<group>";
		};
/* End PBXGroup section */

/* Begin PBXNativeTarget section */
		00A9766D2BC1E08300FE31A4 /* DrawMNIST */ = {
			isa = PBXNativeTarget;
			buildConfigurationList = 00A976822BC1E08400FE31A4 /* Build configuration list for PBXNativeTarget "DrawMNIST" */;
			buildPhases = (
				00A9766A2BC1E08300FE31A4 /* Sources */,
				00A9766B2BC1E08300FE31A4 /* Frameworks */,
				00A9766C2BC1E08300FE31A4 /* Resources */,
			);
			buildRules = (
			);
			dependencies = (
			);
			name = DrawMNIST;
			productName = DrawMNIST;
			productReference = 00A9766E2BC1E08300FE31A4 /* DrawMNIST.app */;
			productType = "com.apple.product-type.application";
		};
/* End PBXNativeTarget section */

/* Begin PBXProject section */
		00A976662BC1E08300FE31A4 /* Project object */ = {
			isa = PBXProject;
			attributes = {
				BuildIndependentTargetsInParallel = 1;
				LastSwiftUpdateCheck = 1530;
				LastUpgradeCheck = 1530;
				TargetAttributes = {
					00A9766D2BC1E08300FE31A4 = {
						CreatedOnToolsVersion = 15.3;
					};
				};
			};
			buildConfigurationList = 00A976692BC1E08300FE31A4 /* Build configuration list for PBXProject "DrawMNIST" */;
			compatibilityVersion = "Xcode 14.0";
			developmentRegion = en;
			hasScannedForEncodings = 0;
			knownRegions = (
				en,
				Base,
			);
			mainGroup = 00A976652BC1E08300FE31A4;
			productRefGroup = 00A9766F2BC1E08300FE31A4 /* Products */;
			projectDirPath = "";
			projectRoot = "";
			targets = (
				00A9766D2BC1E08300FE31A4 /* DrawMNIST */,
			);
		};
/* End PBXProject section */

/* Begin PBXResourcesBuildPhase section */
		00A9766C2BC1E08300FE31A4 /* Resources */ = {
			isa = PBXResourcesBuildPhase;
			buildActionMask = 2147483647;
			files = (
				00A9767B2BC1E08400FE31A4 /* Assets.xcassets in Resources */,
				00A9767E2BC1E08400FE31A4 /* Base in Resources */,
			);
			runOnlyForDeploymentPostprocessing = 0;
		};
/* End PBXResourcesBuildPhase section */

/* Begin PBXSourcesBuildPhase section */
		00A9766A2BC1E08300FE31A4 /* Sources */ = {
			isa = PBXSourcesBuildPhase;
			buildActionMask = 2147483647;
			files = (
				00A976762BC1E08300FE31A4 /* HomeVC.swift in Sources */,
				00189CE42BC7049600A687E0 /* ImageHelper.swift in Sources */,
				00189CE22BC658E800A687E0 /* MNIST.mlpackage in Sources */,
				00A976722BC1E08300FE31A4 /* AppDelegate.swift in Sources */,
				00A976742BC1E08300FE31A4 /* SceneDelegate.swift in Sources */,
			);
			runOnlyForDeploymentPostprocessing = 0;
		};
/* End PBXSourcesBuildPhase section */

/* Begin PBXVariantGroup section */
		00A9767C2BC1E08400FE31A4 /* LaunchScreen.storyboard */ = {
			isa = PBXVariantGroup;
			children = (
				00A9767D2BC1E08400FE31A4 /* Base */,
			);
			name = LaunchScreen.storyboard;
			sourceTree = "<group>";
		};
/* End PBXVariantGroup section */

/* Begin XCBuildConfiguration section */
		00A976802BC1E08400FE31A4 /* Debug */ = {
			isa = XCBuildConfiguration;
			buildSettings = {
				ALWAYS_SEARCH_USER_PATHS = NO;
				ASSETCATALOG_COMPILER_GENERATE_SWIFT_ASSET_SYMBOL_EXTENSIONS = YES;
				CLANG_ANALYZER_NONNULL = YES;
				CLANG_ANALYZER_NUMBER_OBJECT_CONVERSION = YES_AGGRESSIVE;
				CLANG_CXX_LANGUAGE_STANDARD = "gnu++20";
				CLANG_ENABLE_MODULES = YES;
				CLANG_ENABLE_OBJC_ARC = YES;
				CLANG_ENABLE_OBJC_WEAK = YES;
				CLANG_WARN_BLOCK_CAPTURE_AUTORELEASING = YES;
				CLANG_WARN_BOOL_CONVERSION = YES;
				CLANG_WARN_COMMA = YES;
				CLANG_WARN_CONSTANT_CONVERSION = YES;
				CLANG_WARN_DEPRECATED_OBJC_IMPLEMENTATIONS = YES;
				CLANG_WARN_DIRECT_OBJC_ISA_USAGE = YES_ERROR;
				CLANG_WARN_DOCUMENTATION_COMMENTS = YES;
				CLANG_WARN_EMPTY_BODY = YES;
				CLANG_WARN_ENUM_CONVERSION = YES;
				CLANG_WARN_INFINITE_RECURSION = YES;
				CLANG_WARN_INT_CONVERSION = YES;
				CLANG_WARN_NON_LITERAL_NULL_CONVERSION = YES;
				CLANG_WARN_OBJC_IMPLICIT_RETAIN_SELF = YES;
				CLANG_WARN_OBJC_LITERAL_CONVERSION = YES;
				CLANG_WARN_OBJC_ROOT_CLASS = YES_ERROR;
				CLANG_WARN_QUOTED_INCLUDE_IN_FRAMEWORK_HEADER = YES;
				CLANG_WARN_RANGE_LOOP_ANALYSIS = YES;
				CLANG_WARN_STRICT_PROTOTYPES = YES;
				CLANG_WARN_SUSPICIOUS_MOVE = YES;
				CLANG_WARN_UNGUARDED_AVAILABILITY = YES_AGGRESSIVE;
				CLANG_WARN_UNREACHABLE_CODE = YES;
				CLANG_WARN__DUPLICATE_METHOD_MATCH = YES;
				COPY_PHASE_STRIP = NO;
				DEBUG_INFORMATION_FORMAT = dwarf;
				ENABLE_STRICT_OBJC_MSGSEND = YES;
				ENABLE_TESTABILITY = YES;
				ENABLE_USER_SCRIPT_SANDBOXING = YES;
				GCC_C_LANGUAGE_STANDARD = gnu17;
				GCC_DYNAMIC_NO_PIC = NO;
				GCC_NO_COMMON_BLOCKS = YES;
				GCC_OPTIMIZATION_LEVEL = 0;
				GCC_PREPROCESSOR_DEFINITIONS = (
					"DEBUG=1",
					"$(inherited)",
				);
				GCC_WARN_64_TO_32_BIT_CONVERSION = YES;
				GCC_WARN_ABOUT_RETURN_TYPE = YES_ERROR;
				GCC_WARN_UNDECLARED_SELECTOR = YES;
				GCC_WARN_UNINITIALIZED_AUTOS = YES_AGGRESSIVE;
				GCC_WARN_UNUSED_FUNCTION = YES;
				GCC_WARN_UNUSED_VARIABLE = YES;
				IPHONEOS_DEPLOYMENT_TARGET = 17.0;
				LOCALIZATION_PREFERS_STRING_CATALOGS = YES;
				MTL_ENABLE_DEBUG_INFO = INCLUDE_SOURCE;
				MTL_FAST_MATH = YES;
				ONLY_ACTIVE_ARCH = YES;
				SDKROOT = iphoneos;
				SWIFT_ACTIVE_COMPILATION_CONDITIONS = "DEBUG $(inherited)";
				SWIFT_OPTIMIZATION_LEVEL = "-Onone";
			};
			name = Debug;
		};
		00A976812BC1E08400FE31A4 /* Release */ = {
			isa = XCBuildConfiguration;
			buildSettings = {
				ALWAYS_SEARCH_USER_PATHS = NO;
				ASSETCATALOG_COMPILER_GENERATE_SWIFT_ASSET_SYMBOL_EXTENSIONS = YES;
				CLANG_ANALYZER_NONNULL = YES;
				CLANG_ANALYZER_NUMBER_OBJECT_CONVERSION = YES_AGGRESSIVE;
				CLANG_CXX_LANGUAGE_STANDARD = "gnu++20";
				CLANG_ENABLE_MODULES = YES;
				CLANG_ENABLE_OBJC_ARC = YES;
				CLANG_ENABLE_OBJC_WEAK = YES;
				CLANG_WARN_BLOCK_CAPTURE_AUTORELEASING = YES;
				CLANG_WARN_BOOL_CONVERSION = YES;
				CLANG_WARN_COMMA = YES;
				CLANG_WARN_CONSTANT_CONVERSION = YES;
				CLANG_WARN_DEPRECATED_OBJC_IMPLEMENTATIONS = YES;
				CLANG_WARN_DIRECT_OBJC_ISA_USAGE = YES_ERROR;
				CLANG_WARN_DOCUMENTATION_COMMENTS = YES;
				CLANG_WARN_EMPTY_BODY = YES;
				CLANG_WARN_ENUM_CONVERSION = YES;
				CLANG_WARN_INFINITE_RECURSION = YES;
				CLANG_WARN_INT_CONVERSION = YES;
				CLANG_WARN_NON_LITERAL_NULL_CONVERSION = YES;
				CLANG_WARN_OBJC_IMPLICIT_RETAIN_SELF = YES;
				CLANG_WARN_OBJC_LITERAL_CONVERSION = YES;
				CLANG_WARN_OBJC_ROOT_CLASS = YES_ERROR;
				CLANG_WARN_QUOTED_INCLUDE_IN_FRAMEWORK_HEADER = YES;
				CLANG_WARN_RANGE_LOOP_ANALYSIS = YES;
				CLANG_WARN_STRICT_PROTOTYPES = YES;
				CLANG_WARN_SUSPICIOUS_MOVE = YES;
				CLANG_WARN_UNGUARDED_AVAILABILITY = YES_AGGRESSIVE;
				CLANG_WARN_UNREACHABLE_CODE = YES;
				CLANG_WARN__DUPLICATE_METHOD_MATCH = YES;
				COPY_PHASE_STRIP = NO;
				DEBUG_INFORMATION_FORMAT = "dwarf-with-dsym";
				ENABLE_NS_ASSERTIONS = NO;
				ENABLE_STRICT_OBJC_MSGSEND = YES;
				ENABLE_USER_SCRIPT_SANDBOXING = YES;
				GCC_C_LANGUAGE_STANDARD = gnu17;
				GCC_NO_COMMON_BLOCKS = YES;
				GCC_WARN_64_TO_32_BIT_CONVERSION = YES;
				GCC_WARN_ABOUT_RETURN_TYPE = YES_ERROR;
				GCC_WARN_UNDECLARED_SELECTOR = YES;
				GCC_WARN_UNINITIALIZED_AUTOS = YES_AGGRESSIVE;
				GCC_WARN_UNUSED_FUNCTION = YES;
				GCC_WARN_UNUSED_VARIABLE = YES;
				IPHONEOS_DEPLOYMENT_TARGET = 17.0;
				LOCALIZATION_PREFERS_STRING_CATALOGS = YES;
				MTL_ENABLE_DEBUG_INFO = NO;
				MTL_FAST_MATH = YES;
				SDKROOT = iphoneos;
				SWIFT_COMPILATION_MODE = wholemodule;
				VALIDATE_PRODUCT = YES;
			};
			name = Release;
		};
		00A976832BC1E08400FE31A4 /* Debug */ = {
			isa = XCBuildConfiguration;
			buildSettings = {
				ASSETCATALOG_COMPILER_APPICON_NAME = AppIcon;
				ASSETCATALOG_COMPILER_GLOBAL_ACCENT_COLOR_NAME = AccentColor;
				CODE_SIGN_STYLE = Automatic;
				CURRENT_PROJECT_VERSION = 1;
				DEVELOPMENT_TEAM = 7Z6GZB5Y9X;
				GENERATE_INFOPLIST_FILE = YES;
				INFOPLIST_FILE = DrawMNIST/Info.plist;
				INFOPLIST_KEY_CFBundleDisplayName = "Draw MNIST";
				INFOPLIST_KEY_LSApplicationCategoryType = "public.app-category.utilities";
				INFOPLIST_KEY_UIApplicationSupportsIndirectInputEvents = YES;
				INFOPLIST_KEY_UILaunchStoryboardName = LaunchScreen;
				INFOPLIST_KEY_UIRequiresFullScreen = YES;
				INFOPLIST_KEY_UISupportedInterfaceOrientations = UIInterfaceOrientationPortrait;
				IPHONEOS_DEPLOYMENT_TARGET = 17.0;
				LD_RUNPATH_SEARCH_PATHS = (
					"$(inherited)",
					"@executable_path/Frameworks",
				);
				MARKETING_VERSION = 0.1;
				PRODUCT_BUNDLE_IDENTIFIER = com.dhruvweaver.DrawMNIST;
				PRODUCT_NAME = "$(TARGET_NAME)";
				SUPPORTED_PLATFORMS = "iphoneos iphonesimulator";
				SUPPORTS_MACCATALYST = NO;
				SWIFT_EMIT_LOC_STRINGS = YES;
				SWIFT_VERSION = 5.0;
				TARGETED_DEVICE_FAMILY = 1;
			};
			name = Debug;
		};
		00A976842BC1E08400FE31A4 /* Release */ = {
			isa = XCBuildConfiguration;
			buildSettings = {
				ASSETCATALOG_COMPILER_APPICON_NAME = AppIcon;
				ASSETCATALOG_COMPILER_GLOBAL_ACCENT_COLOR_NAME = AccentColor;
				CODE_SIGN_STYLE = Automatic;
				CURRENT_PROJECT_VERSION = 1;
				DEVELOPMENT_TEAM = 7Z6GZB5Y9X;
				GENERATE_INFOPLIST_FILE = YES;
				INFOPLIST_FILE = DrawMNIST/Info.plist;
				INFOPLIST_KEY_CFBundleDisplayName = "Draw MNIST";
				INFOPLIST_KEY_LSApplicationCategoryType = "public.app-category.utilities";
				INFOPLIST_KEY_UIApplicationSupportsIndirectInputEvents = YES;
				INFOPLIST_KEY_UILaunchStoryboardName = LaunchScreen;
				INFOPLIST_KEY_UIRequiresFullScreen = YES;
				INFOPLIST_KEY_UISupportedInterfaceOrientations = UIInterfaceOrientationPortrait;
				IPHONEOS_DEPLOYMENT_TARGET = 17.0;
				LD_RUNPATH_SEARCH_PATHS = (
					"$(inherited)",
					"@executable_path/Frameworks",
				);
				MARKETING_VERSION = 0.1;
				PRODUCT_BUNDLE_IDENTIFIER = com.dhruvweaver.DrawMNIST;
				PRODUCT_NAME = "$(TARGET_NAME)";
				SUPPORTED_PLATFORMS = "iphoneos iphonesimulator";
				SUPPORTS_MACCATALYST = NO;
				SWIFT_EMIT_LOC_STRINGS = YES;
				SWIFT_VERSION = 5.0;
				TARGETED_DEVICE_FAMILY = 1;
			};
			name = Release;
		};
/* End XCBuildConfiguration section */

/* Begin XCConfigurationList section */
		00A976692BC1E08300FE31A4 /* Build configuration list for PBXProject "DrawMNIST" */ = {
			isa = XCConfigurationList;
			buildConfigurations = (
				00A976802BC1E08400FE31A4 /* Debug */,
				00A976812BC1E08400FE31A4 /* Release */,
			);
			defaultConfigurationIsVisible = 0;
			defaultConfigurationName = Release;
		};
		00A976822BC1E08400FE31A4 /* Build configuration list for PBXNativeTarget "DrawMNIST" */ = {
			isa = XCConfigurationList;
			buildConfigurations = (
				00A976832BC1E08400FE31A4 /* Debug */,
				00A976842BC1E08400FE31A4 /* Release */,
			);
			defaultConfigurationIsVisible = 0;
			defaultConfigurationName = Release;
		};
/* End XCConfigurationList section */
	};
	rootObject = 00A976662BC1E08300FE31A4 /* Project object */;
}
